
Microsoft Visual Studio Solution File, Format Version 12.00
# Visual Studio Version 17
VisualStudioVersion = 17.7.34009.444
MinimumVisualStudioVersion = 10.0.40219.1
Project("{FAE04EC0-301F-11D3-BF4B-00C04F79EFBC}") = "Lab3_NguyenNhatTruong_Bai2_Client", "Lab3_NguyenNhatTruong_Bai2_Client\Lab3_NguyenNhatTruong_Bai2_Client.csproj", "{BB7BE45E-E137-46DF-9A6D-61F9FCF75743}"
EndProject
Global
	GlobalSection(SolutionConfigurationPlatforms) = preSolution
		Debug|Any CPU = Debug|Any CPU
		Release|Any CPU = Release|Any CPU
	EndGlobalSection
	GlobalSection(ProjectConfigurationPlatforms) = postSolution
		{BB7BE45E-E137-46DF-9A6D-61F9FCF75743}.Debug|Any CPU.ActiveCfg = Debug|Any CPU
		{BB7BE45E-E137-46DF-9A6D-61F9FCF75743}.Debug|Any CPU.Build.0 = Debug|Any CPU
		{BB7BE45E-E137-46DF-9A6D-61F9FCF75743}.Release|Any CPU.ActiveCfg = Release|Any CPU
		{BB7BE45E-E137-46DF-9A6D-61F9FCF75743}.Release|Any CPU.Build.0 = Release|Any CPU
	EndGlobalSection
	GlobalSection(SolutionProperties) = preSolution
		HideSolutionNode = FALSE
	EndGlobalSection
	GlobalSection(ExtensibilityGlobals) = postSolution
		SolutionGuid = {0658B047-2308-4591-A17B-1D8EF01DB49B}
	EndGlobalSection
EndGlobal
