
Microsoft Visual Studio Solution File, Format Version 12.00
# Visual Studio Version 17
VisualStudioVersion = 17.7.34009.444
MinimumVisualStudioVersion = 10.0.40219.1
Project("{FAE04EC0-301F-11D3-BF4B-00C04F79EFBC}") = "Lab3_NguyenNhatTruong_Bai1_Server", "Lab3_NguyenNhatTruong_Bai1_Server\Lab3_NguyenNhatTruong_Bai1_Server.csproj", "{C20E517F-2003-4A64-9AFD-13F6FDA11360}"
EndProject
Global
	GlobalSection(SolutionConfigurationPlatforms) = preSolution
		Debug|Any CPU = Debug|Any CPU
		Release|Any CPU = Release|Any CPU
	EndGlobalSection
	GlobalSection(ProjectConfigurationPlatforms) = postSolution
		{C20E517F-2003-4A64-9AFD-13F6FDA11360}.Debug|Any CPU.ActiveCfg = Debug|Any CPU
		{C20E517F-2003-4A64-9AFD-13F6FDA11360}.Debug|Any CPU.Build.0 = Debug|Any CPU
		{C20E517F-2003-4A64-9AFD-13F6FDA11360}.Release|Any CPU.ActiveCfg = Release|Any CPU
		{C20E517F-2003-4A64-9AFD-13F6FDA11360}.Release|Any CPU.Build.0 = Release|Any CPU
	EndGlobalSection
	GlobalSection(SolutionProperties) = preSolution
		HideSolutionNode = FALSE
	EndGlobalSection
	GlobalSection(ExtensibilityGlobals) = postSolution
		SolutionGuid = {CDACA4BF-03DE-431E-9657-96BE22D46DB2}
	EndGlobalSection
EndGlobal
