
Microsoft Visual Studio Solution File, Format Version 12.00
# Visual Studio Version 17
VisualStudioVersion = 17.7.34009.444
MinimumVisualStudioVersion = 10.0.40219.1
Project("{FAE04EC0-301F-11D3-BF4B-00C04F79EFBC}") = "Lab3_NguyenNhatTruong_Bai6_Server", "Lab3_NguyenNhatTruong_Bai6_Server\Lab3_NguyenNhatTruong_Bai6_Server.csproj", "{A0A5F6B5-527B-42A1-A205-78C8C4FAA88B}"
EndProject
Global
	GlobalSection(SolutionConfigurationPlatforms) = preSolution
		Debug|Any CPU = Debug|Any CPU
		Release|Any CPU = Release|Any CPU
	EndGlobalSection
	GlobalSection(ProjectConfigurationPlatforms) = postSolution
		{A0A5F6B5-527B-42A1-A205-78C8C4FAA88B}.Debug|Any CPU.ActiveCfg = Debug|Any CPU
		{A0A5F6B5-527B-42A1-A205-78C8C4FAA88B}.Debug|Any CPU.Build.0 = Debug|Any CPU
		{A0A5F6B5-527B-42A1-A205-78C8C4FAA88B}.Release|Any CPU.ActiveCfg = Release|Any CPU
		{A0A5F6B5-527B-42A1-A205-78C8C4FAA88B}.Release|Any CPU.Build.0 = Release|Any CPU
	EndGlobalSection
	GlobalSection(SolutionProperties) = preSolution
		HideSolutionNode = FALSE
	EndGlobalSection
	GlobalSection(ExtensibilityGlobals) = postSolution
		SolutionGuid = {7CFF95B0-8628-4551-B9EF-50A15F2A6646}
	EndGlobalSection
EndGlobal
