
Microsoft Visual Studio Solution File, Format Version 12.00
# Visual Studio Version 17
VisualStudioVersion = 17.7.34009.444
MinimumVisualStudioVersion = 10.0.40219.1
Project("{FAE04EC0-301F-11D3-BF4B-00C04F79EFBC}") = "Lab3_NguyenNhatTruong_Bai7_Server", "Lab3_NguyenNhatTruong_Bai7_Server\Lab3_NguyenNhatTruong_Bai7_Server.csproj", "{FCE78BE0-4624-4C02-81AA-67CFB57C783B}"
EndProject
Global
	GlobalSection(SolutionConfigurationPlatforms) = preSolution
		Debug|Any CPU = Debug|Any CPU
		Release|Any CPU = Release|Any CPU
	EndGlobalSection
	GlobalSection(ProjectConfigurationPlatforms) = postSolution
		{FCE78BE0-4624-4C02-81AA-67CFB57C783B}.Debug|Any CPU.ActiveCfg = Debug|Any CPU
		{FCE78BE0-4624-4C02-81AA-67CFB57C783B}.Debug|Any CPU.Build.0 = Debug|Any CPU
		{FCE78BE0-4624-4C02-81AA-67CFB57C783B}.Release|Any CPU.ActiveCfg = Release|Any CPU
		{FCE78BE0-4624-4C02-81AA-67CFB57C783B}.Release|Any CPU.Build.0 = Release|Any CPU
	EndGlobalSection
	GlobalSection(SolutionProperties) = preSolution
		HideSolutionNode = FALSE
	EndGlobalSection
	GlobalSection(ExtensibilityGlobals) = postSolution
		SolutionGuid = {B4B12C72-EBA2-40EE-9EAF-E832C5181089}
	EndGlobalSection
EndGlobal
