
Microsoft Visual Studio Solution File, Format Version 12.00
# Visual Studio Version 17
VisualStudioVersion = 17.7.34009.444
MinimumVisualStudioVersion = 10.0.40219.1
Project("{FAE04EC0-301F-11D3-BF4B-00C04F79EFBC}") = "Lab3_NguyenNhatTruong_Bai4_Server", "Lab3_NguyenNhatTruong_Bai4_Server\Lab3_NguyenNhatTruong_Bai4_Server.csproj", "{2EAED089-91AD-4508-BE58-24AEB472E07B}"
EndProject
Global
	GlobalSection(SolutionConfigurationPlatforms) = preSolution
		Debug|Any CPU = Debug|Any CPU
		Release|Any CPU = Release|Any CPU
	EndGlobalSection
	GlobalSection(ProjectConfigurationPlatforms) = postSolution
		{2EAED089-91AD-4508-BE58-24AEB472E07B}.Debug|Any CPU.ActiveCfg = Debug|Any CPU
		{2EAED089-91AD-4508-BE58-24AEB472E07B}.Debug|Any CPU.Build.0 = Debug|Any CPU
		{2EAED089-91AD-4508-BE58-24AEB472E07B}.Release|Any CPU.ActiveCfg = Release|Any CPU
		{2EAED089-91AD-4508-BE58-24AEB472E07B}.Release|Any CPU.Build.0 = Release|Any CPU
	EndGlobalSection
	GlobalSection(SolutionProperties) = preSolution
		HideSolutionNode = FALSE
	EndGlobalSection
	GlobalSection(ExtensibilityGlobals) = postSolution
		SolutionGuid = {FBA5CBF4-9FA5-42CF-A17C-0F6901B3BBC4}
	EndGlobalSection
EndGlobal
